Microsoft Visual Studio Solution File, Format Version 12.00
# Visual Studio 2012
Project("{FAE04EC0-301F-11D3-BF4B-00C04F79EFBC}") = "EducationProject", "EducationProject.csproj", "{E94A6B38-D632-4B48-9276-792F72F0F001}"
EndProject
Global
	GlobalSection(SolutionConfigurationPlatforms) = preSolution
	Debug|Any CPU = Debug|Any CPU
	ExportDebug|Any CPU = ExportDebug|Any CPU
	ExportRelease|Any CPU = ExportRelease|Any CPU
	EndGlobalSection
	GlobalSection(ProjectConfigurationPlatforms) = postSolution
		{E94A6B38-D632-4B48-9276-792F72F0F001}.Debug|Any CPU.ActiveCfg = Debug|Any CPU
		{E94A6B38-D632-4B48-9276-792F72F0F001}.Debug|Any CPU.Build.0 = Debug|Any CPU
		{E94A6B38-D632-4B48-9276-792F72F0F001}.ExportDebug|Any CPU.ActiveCfg = ExportDebug|Any CPU
		{E94A6B38-D632-4B48-9276-792F72F0F001}.ExportDebug|Any CPU.Build.0 = ExportDebug|Any CPU
		{E94A6B38-D632-4B48-9276-792F72F0F001}.ExportRelease|Any CPU.ActiveCfg = ExportRelease|Any CPU
		{E94A6B38-D632-4B48-9276-792F72F0F001}.ExportRelease|Any CPU.Build.0 = ExportRelease|Any CPU
	EndGlobalSection
EndGlobal
